
Microsoft Visual Studio Solution File, Format Version 12.00
# Visual Studio Version 16
VisualStudioVersion = 25.0.1704.2
MinimumVisualStudioVersion = 10.0.40219.1
Project("{FAE04EC0-301F-11D3-BF4B-00C04F79EFBC}") = "MiddlewareExample", "MiddlewareExample\MiddlewareExample.csproj", "{8C77B57C-C43A-4370-8CA9-CA9A0C0DE10E}"
EndProject
Global
	GlobalSection(SolutionConfigurationPlatforms) = preSolution
		Debug|Any CPU = Debug|Any CPU
		Release|Any CPU = Release|Any CPU
	EndGlobalSection
	GlobalSection(ProjectConfigurationPlatforms) = postSolution
		{8C77B57C-C43A-4370-8CA9-CA9A0C0DE10E}.Debug|Any CPU.ActiveCfg = Debug|Any CPU
		{8C77B57C-C43A-4370-8CA9-CA9A0C0DE10E}.Debug|Any CPU.Build.0 = Debug|Any CPU
		{8C77B57C-C43A-4370-8CA9-CA9A0C0DE10E}.Release|Any CPU.ActiveCfg = Release|Any CPU
		{8C77B57C-C43A-4370-8CA9-CA9A0C0DE10E}.Release|Any CPU.Build.0 = Release|Any CPU
	EndGlobalSection
	GlobalSection(SolutionProperties) = preSolution
		HideSolutionNode = FALSE
	EndGlobalSection
	GlobalSection(ExtensibilityGlobals) = postSolution
		SolutionGuid = {0CDEF751-C9C2-48CA-85EF-704FAEF7323F}
	EndGlobalSection
EndGlobal
